
Microsoft Visual Studio Solution File, Format Version 12.00
# Visual Studio Version 17
VisualStudioVersion = 17.14.36518.9 d17.14
MinimumVisualStudioVersion = 10.0.40219.1
Project("{FAE04EC0-301F-11D3-BF4B-00C04F79EFBC}") = "SistemaNotas", "SistemaNotas\SistemaNotas.csproj", "{9A0FD089-90FE-40BC-B0BD-C27A2ACA10D5}"
EndProject
Global
	GlobalSection(SolutionConfigurationPlatforms) = preSolution
		Debug|Any CPU = Debug|Any CPU
		Release|Any CPU = Release|Any CPU
	EndGlobalSection
	GlobalSection(ProjectConfigurationPlatforms) = postSolution
		{9A0FD089-90FE-40BC-B0BD-C27A2ACA10D5}.Debug|Any CPU.ActiveCfg = Debug|Any CPU
		{9A0FD089-90FE-40BC-B0BD-C27A2ACA10D5}.Debug|Any CPU.Build.0 = Debug|Any CPU
		{9A0FD089-90FE-40BC-B0BD-C27A2ACA10D5}.Release|Any CPU.ActiveCfg = Release|Any CPU
		{9A0FD089-90FE-40BC-B0BD-C27A2ACA10D5}.Release|Any CPU.Build.0 = Release|Any CPU
	EndGlobalSection
	GlobalSection(SolutionProperties) = preSolution
		HideSolutionNode = FALSE
	EndGlobalSection
	GlobalSection(ExtensibilityGlobals) = postSolution
		SolutionGuid = {13A5339C-D66F-4276-9787-7E19AED5BD3A}
	EndGlobalSection
EndGlobal
